<?xml version="1.0" encoding="utf-8"?>
<Project ToolsVersion="4.0" xmlns="http://schemas.microsoft.com/developer/msbuild/2003">
  <ItemGroup>
    <Filter Include="Source Files">
      <UniqueIdentifier>{4FC737F1-C7A5-4376-A066-2A32D752A2FF}</UniqueIdentifier>
      <Extensions>cpp;c;cc;cxx;c++;cppm;ixx;def;odl;idl;hpj;bat;asm;asmx</Extensions>
    </Filter>
    <Filter Include="Header Files">
      <UniqueIdentifier>{93995380-89BD-4b04-88EB-625FBE52EBFB}</UniqueIdentifier>
      <Extensions>h;hh;hpp;hxx;h++;hm;inl;inc;ipp;xsd</Extensions>
    </Filter>
    <Filter Include="Resource Files">
      <UniqueIdentifier>{67DA6AB6-F800-4c08-8B7A-83BB121AAD01}</UniqueIdentifier>
      <Extensions>rc;ico;cur;bmp;dlg;rc2;rct;bin;rgs;gif;jpg;jpeg;jpe;resx;tiff;tif;png;wav;mfcribbon-ms</Extensions>
    </Filter>
  </ItemGroup>
  <ItemGroup>
    <ClCompile Include="main.cpp">
      <Filter>Source Files</Filter>
    </ClCompile>
    <ClCompile Include="WindowsFilteringPlatform\wfpcontroller.wfp.ixx">
      <Filter>Source Files</Filter>
    </ClCompile>
    <ClCompile Include="WindowsFilteringPlatform\wfpcontroller.wfp.cpp">
      <Filter>Source Files</Filter>
    </ClCompile>
    <ClCompile Include="WinSock\wfpcontroller.winsock.winsockinit.ixx">
      <Filter>Source Files</Filter>
    </ClCompile>
    <ClCompile Include="WinSock\wfpcontroller.winsock.winsockinit.cpp">
      <Filter>Source Files</Filter>
    </ClCompile>
    <ClCompile Include="WinSock\wfpcontroller.winsock.winsockerror.ixx">
      <Filter>Source Files</Filter>
    </ClCompile>
    <ClCompile Include="WinSock\wfpcontroller.winsock.winsockerror.cpp">
      <Filter>Source Files</Filter>
    </ClCompile>
    <ClCompile Include="Error\wfpcontroller.error.functions.ixx">
      <Filter>Source Files</Filter>
    </ClCompile>
    <ClCompile Include="Error\wfpcontroller.error.functions.cpp">
      <Filter>Source Files</Filter>
    </ClCompile>
    <ClCompile Include="WinSock\wfpcontroller.winsock.socket.ixx">
      <Filter>Source Files</Filter>
    </ClCompile>
    <ClCompile Include="WinSock\wfpcontroller.winsock.uniqueptrs.ixx">
      <Filter>Source Files</Filter>
    </ClCompile>
    <ClCompile Include="WinSock\wfpcontroller.winsock.socket.cpp">
      <Filter>Source Files</Filter>
    </ClCompile>
    <ClCompile Include="Error\wfpcontroller.error.win32error.ixx">
      <Filter>Source Files</Filter>
    </ClCompile>
    <ClCompile Include="Error\wfpcontroller.error.win32error.cpp">
      <Filter>Source Files</Filter>
    </ClCompile>
    <ClCompile Include="Strings\wfpcontroller.strings.ixx">
      <Filter>Source Files</Filter>
    </ClCompile>
    <ClCompile Include="Strings\wfpcontroller.strings.cpp">
      <Filter>Source Files</Filter>
    </ClCompile>
    <ClCompile Include="wfpcontroller.identifiers.ixx">
      <Filter>Source Files</Filter>
    </ClCompile>
    <ClCompile Include="WindowsFilteringPlatform\wfpcontroller.wfp.callout.ixx">
      <Filter>Source Files</Filter>
    </ClCompile>
    <ClCompile Include="WindowsFilteringPlatform\wfpcontroller.wfp.callout.cpp">
      <Filter>Source Files</Filter>
    </ClCompile>
    <ClCompile Include="WindowsFilteringPlatform\wfpcontroller.wfp.wfperror.ixx">
      <Filter>Source Files</Filter>
    </ClCompile>
    <ClCompile Include="WindowsFilteringPlatform\wfpcontroller.wfp.wfperror.cpp">
      <Filter>Source Files</Filter>
    </ClCompile>
    <ClCompile Include="WindowsFilteringPlatform\wfpcontroller.wfp.filter.ixx">
      <Filter>Source Files</Filter>
    </ClCompile>
    <ClCompile Include="WindowsFilteringPlatform\wfpcontroller.wfp.filter.cpp">
      <Filter>Source Files</Filter>
    </ClCompile>
  </ItemGroup>
</Project>