
Microsoft Visual Studio Solution File, Format Version 12.00
# Visual Studio Version 16
VisualStudioVersion = 16.0.31205.134
MinimumVisualStudioVersion = 10.0.40219.1
Project("{8BC9CEB8-8B4A-11D0-8D11-00A0C91BC942}") = "KmdfHelloWorld", "KmdfHelloWorld\KmdfHelloWorld.vcxproj", "{EBE2E2E1-F187-4076-BA31-DF0926D288E9}"
EndProject
Project("{8BC9CEB8-8B4A-11D0-8D11-00A0C91BC942}") = "SampleWdmDriver", "SampleWdmDriver\SampleWdmDriver.vcxproj", "{283AE4D7-E933-4BDC-9A23-DB91190CBF48}"
EndProject
Project("{8BC9CEB8-8B4A-11D0-8D11-00A0C91BC942}") = "PriorityBooster", "PriorityBooster\PriorityBooster.vcxproj", "{FCEB6442-9D23-4177-A442-2464B2381043}"
EndProject
Project("{8BC9CEB8-8B4A-11D0-8D11-00A0C91BC942}") = "PriorityBoosterClient", "PriorityBoosterClient\PriorityBoosterClient.vcxproj", "{250EF336-819C-4C42-A4FA-DB8BF7418723}"
EndProject
Project("{8BC9CEB8-8B4A-11D0-8D11-00A0C91BC942}") = "NetworkFilterDriver", "FilterDriver\FilterDriver.vcxproj", "{A2D2C3CB-76C8-4DB0-B5DF-3A2C974B30EC}"
EndProject
Project("{8BC9CEB8-8B4A-11D0-8D11-00A0C91BC942}") = "NdisFilterDriverSkeleton", "NetworkFilterDriver2\NetworkFilterDriver2.vcxproj", "{69D0DAA9-FE91-43ED-AC0B-277EFE5BF0D6}"
EndProject
Project("{8BC9CEB8-8B4A-11D0-8D11-00A0C91BC942}") = "WFPCalloutDriver", "WPFCalloutDriver\WPFCalloutDriver.vcxproj", "{F3FC1923-0184-4860-8661-F30D836AFB6A}"
EndProject
Project("{2150E333-8FDC-42A3-9474-1A3956D46DE8}") = "WFPDrivers", "WFPDrivers", "{70931E61-E24B-498A-BC98-ACAE4240ECFF}"
EndProject
Project("{8BC9CEB8-8B4A-11D0-8D11-00A0C91BC942}") = "WFPController", "WFPController\WFPController.vcxproj", "{D23ADD32-A1AF-4E39-982A-B01FF80E073E}"
EndProject
Project("{2150E333-8FDC-42A3-9474-1A3956D46DE8}") = "Unsorted", "Unsorted", "{C60CC397-B6F6-4359-800B-B4A651624839}"
EndProject
Project("{2150E333-8FDC-42A3-9474-1A3956D46DE8}") = "WDF", "WDF", "{C274667B-B3FD-497D-BA58-717AC1CE84FE}"
EndProject
Project("{8BC9CEB8-8B4A-11D0-8D11-00A0C91BC942}") = "WDFTestDriver", "WDFTestDriver\WDFTestDriver.vcxproj", "{5FEC41C7-1D69-4E31-8384-9D737B886258}"
EndProject
Project("{8BC9CEB8-8B4A-11D0-8D11-00A0C91BC942}") = "EmptyKMDFDriver", "EmptyKMDFDriver\EmptyKMDFDriver.vcxproj", "{5A9184F9-ADEA-40E6-8CC1-F1BE18947323}"
EndProject
Global
	GlobalSection(SolutionConfigurationPlatforms) = preSolution
		Debug|ARM = Debug|ARM
		Debug|ARM64 = Debug|ARM64
		Debug|x64 = Debug|x64
		Debug|x86 = Debug|x86
		Release|ARM = Release|ARM
		Release|ARM64 = Release|ARM64
		Release|x64 = Release|x64
		Release|x86 = Release|x86
	EndGlobalSection
	GlobalSection(ProjectConfigurationPlatforms) = postSolution
		{EBE2E2E1-F187-4076-BA31-DF0926D288E9}.Debug|ARM.ActiveCfg = Debug|ARM
		{EBE2E2E1-F187-4076-BA31-DF0926D288E9}.Debug|ARM.Build.0 = Debug|ARM
		{EBE2E2E1-F187-4076-BA31-DF0926D288E9}.Debug|ARM.Deploy.0 = Debug|ARM
		{EBE2E2E1-F187-4076-BA31-DF0926D288E9}.Debug|ARM64.ActiveCfg = Debug|ARM64
		{EBE2E2E1-F187-4076-BA31-DF0926D288E9}.Debug|ARM64.Build.0 = Debug|ARM64
		{EBE2E2E1-F187-4076-BA31-DF0926D288E9}.Debug|ARM64.Deploy.0 = Debug|ARM64
		{EBE2E2E1-F187-4076-BA31-DF0926D288E9}.Debug|x64.ActiveCfg = Debug|x64
		{EBE2E2E1-F187-4076-BA31-DF0926D288E9}.Debug|x64.Build.0 = Debug|x64
		{EBE2E2E1-F187-4076-BA31-DF0926D288E9}.Debug|x64.Deploy.0 = Debug|x64
		{EBE2E2E1-F187-4076-BA31-DF0926D288E9}.Debug|x86.ActiveCfg = Debug|Win32
		{EBE2E2E1-F187-4076-BA31-DF0926D288E9}.Debug|x86.Build.0 = Debug|Win32
		{EBE2E2E1-F187-4076-BA31-DF0926D288E9}.Debug|x86.Deploy.0 = Debug|Win32
		{EBE2E2E1-F187-4076-BA31-DF0926D288E9}.Release|ARM.ActiveCfg = Release|ARM
		{EBE2E2E1-F187-4076-BA31-DF0926D288E9}.Release|ARM.Build.0 = Release|ARM
		{EBE2E2E1-F187-4076-BA31-DF0926D288E9}.Release|ARM.Deploy.0 = Release|ARM
		{EBE2E2E1-F187-4076-BA31-DF0926D288E9}.Release|ARM64.ActiveCfg = Release|ARM64
		{EBE2E2E1-F187-4076-BA31-DF0926D288E9}.Release|ARM64.Build.0 = Release|ARM64
		{EBE2E2E1-F187-4076-BA31-DF0926D288E9}.Release|ARM64.Deploy.0 = Release|ARM64
		{EBE2E2E1-F187-4076-BA31-DF0926D288E9}.Release|x64.ActiveCfg = Release|x64
		{EBE2E2E1-F187-4076-BA31-DF0926D288E9}.Release|x64.Build.0 = Release|x64
		{EBE2E2E1-F187-4076-BA31-DF0926D288E9}.Release|x64.Deploy.0 = Release|x64
		{EBE2E2E1-F187-4076-BA31-DF0926D288E9}.Release|x86.ActiveCfg = Release|Win32
		{EBE2E2E1-F187-4076-BA31-DF0926D288E9}.Release|x86.Build.0 = Release|Win32
		{EBE2E2E1-F187-4076-BA31-DF0926D288E9}.Release|x86.Deploy.0 = Release|Win32
		{283AE4D7-E933-4BDC-9A23-DB91190CBF48}.Debug|ARM.ActiveCfg = Debug|ARM
		{283AE4D7-E933-4BDC-9A23-DB91190CBF48}.Debug|ARM.Build.0 = Debug|ARM
		{283AE4D7-E933-4BDC-9A23-DB91190CBF48}.Debug|ARM.Deploy.0 = Debug|ARM
		{283AE4D7-E933-4BDC-9A23-DB91190CBF48}.Debug|ARM64.ActiveCfg = Debug|ARM64
		{283AE4D7-E933-4BDC-9A23-DB91190CBF48}.Debug|ARM64.Build.0 = Debug|ARM64
		{283AE4D7-E933-4BDC-9A23-DB91190CBF48}.Debug|ARM64.Deploy.0 = Debug|ARM64
		{283AE4D7-E933-4BDC-9A23-DB91190CBF48}.Debug|x64.ActiveCfg = Debug|x64
		{283AE4D7-E933-4BDC-9A23-DB91190CBF48}.Debug|x64.Build.0 = Debug|x64
		{283AE4D7-E933-4BDC-9A23-DB91190CBF48}.Debug|x64.Deploy.0 = Debug|x64
		{283AE4D7-E933-4BDC-9A23-DB91190CBF48}.Debug|x86.ActiveCfg = Debug|Win32
		{283AE4D7-E933-4BDC-9A23-DB91190CBF48}.Debug|x86.Build.0 = Debug|Win32
		{283AE4D7-E933-4BDC-9A23-DB91190CBF48}.Debug|x86.Deploy.0 = Debug|Win32
		{283AE4D7-E933-4BDC-9A23-DB91190CBF48}.Release|ARM.ActiveCfg = Release|ARM
		{283AE4D7-E933-4BDC-9A23-DB91190CBF48}.Release|ARM.Build.0 = Release|ARM
		{283AE4D7-E933-4BDC-9A23-DB91190CBF48}.Release|ARM.Deploy.0 = Release|ARM
		{283AE4D7-E933-4BDC-9A23-DB91190CBF48}.Release|ARM64.ActiveCfg = Release|ARM64
		{283AE4D7-E933-4BDC-9A23-DB91190CBF48}.Release|ARM64.Build.0 = Release|ARM64
		{283AE4D7-E933-4BDC-9A23-DB91190CBF48}.Release|ARM64.Deploy.0 = Release|ARM64
		{283AE4D7-E933-4BDC-9A23-DB91190CBF48}.Release|x64.ActiveCfg = Release|x64
		{283AE4D7-E933-4BDC-9A23-DB91190CBF48}.Release|x64.Build.0 = Release|x64
		{283AE4D7-E933-4BDC-9A23-DB91190CBF48}.Release|x64.Deploy.0 = Release|x64
		{283AE4D7-E933-4BDC-9A23-DB91190CBF48}.Release|x86.ActiveCfg = Release|Win32
		{283AE4D7-E933-4BDC-9A23-DB91190CBF48}.Release|x86.Build.0 = Release|Win32
		{283AE4D7-E933-4BDC-9A23-DB91190CBF48}.Release|x86.Deploy.0 = Release|Win32
		{FCEB6442-9D23-4177-A442-2464B2381043}.Debug|ARM.ActiveCfg = Debug|ARM
		{FCEB6442-9D23-4177-A442-2464B2381043}.Debug|ARM.Build.0 = Debug|ARM
		{FCEB6442-9D23-4177-A442-2464B2381043}.Debug|ARM.Deploy.0 = Debug|ARM
		{FCEB6442-9D23-4177-A442-2464B2381043}.Debug|ARM64.ActiveCfg = Debug|ARM64
		{FCEB6442-9D23-4177-A442-2464B2381043}.Debug|ARM64.Build.0 = Debug|ARM64
		{FCEB6442-9D23-4177-A442-2464B2381043}.Debug|ARM64.Deploy.0 = Debug|ARM64
		{FCEB6442-9D23-4177-A442-2464B2381043}.Debug|x64.ActiveCfg = Debug|x64
		{FCEB6442-9D23-4177-A442-2464B2381043}.Debug|x64.Build.0 = Debug|x64
		{FCEB6442-9D23-4177-A442-2464B2381043}.Debug|x64.Deploy.0 = Debug|x64
		{FCEB6442-9D23-4177-A442-2464B2381043}.Debug|x86.ActiveCfg = Debug|Win32
		{FCEB6442-9D23-4177-A442-2464B2381043}.Debug|x86.Build.0 = Debug|Win32
		{FCEB6442-9D23-4177-A442-2464B2381043}.Debug|x86.Deploy.0 = Debug|Win32
		{FCEB6442-9D23-4177-A442-2464B2381043}.Release|ARM.ActiveCfg = Release|ARM
		{FCEB6442-9D23-4177-A442-2464B2381043}.Release|ARM.Build.0 = Release|ARM
		{FCEB6442-9D23-4177-A442-2464B2381043}.Release|ARM.Deploy.0 = Release|ARM
		{FCEB6442-9D23-4177-A442-2464B2381043}.Release|ARM64.ActiveCfg = Release|ARM64
		{FCEB6442-9D23-4177-A442-2464B2381043}.Release|ARM64.Build.0 = Release|ARM64
		{FCEB6442-9D23-4177-A442-2464B2381043}.Release|ARM64.Deploy.0 = Release|ARM64
		{FCEB6442-9D23-4177-A442-2464B2381043}.Release|x64.ActiveCfg = Release|x64
		{FCEB6442-9D23-4177-A442-2464B2381043}.Release|x64.Build.0 = Release|x64
		{FCEB6442-9D23-4177-A442-2464B2381043}.Release|x64.Deploy.0 = Release|x64
		{FCEB6442-9D23-4177-A442-2464B2381043}.Release|x86.ActiveCfg = Release|Win32
		{FCEB6442-9D23-4177-A442-2464B2381043}.Release|x86.Build.0 = Release|Win32
		{FCEB6442-9D23-4177-A442-2464B2381043}.Release|x86.Deploy.0 = Release|Win32
		{250EF336-819C-4C42-A4FA-DB8BF7418723}.Debug|ARM.ActiveCfg = Debug|Win32
		{250EF336-819C-4C42-A4FA-DB8BF7418723}.Debug|ARM64.ActiveCfg = Debug|Win32
		{250EF336-819C-4C42-A4FA-DB8BF7418723}.Debug|x64.ActiveCfg = Debug|x64
		{250EF336-819C-4C42-A4FA-DB8BF7418723}.Debug|x64.Build.0 = Debug|x64
		{250EF336-819C-4C42-A4FA-DB8BF7418723}.Debug|x86.ActiveCfg = Debug|Win32
		{250EF336-819C-4C42-A4FA-DB8BF7418723}.Debug|x86.Build.0 = Debug|Win32
		{250EF336-819C-4C42-A4FA-DB8BF7418723}.Release|ARM.ActiveCfg = Release|Win32
		{250EF336-819C-4C42-A4FA-DB8BF7418723}.Release|ARM64.ActiveCfg = Release|Win32
		{250EF336-819C-4C42-A4FA-DB8BF7418723}.Release|x64.ActiveCfg = Release|x64
		{250EF336-819C-4C42-A4FA-DB8BF7418723}.Release|x64.Build.0 = Release|x64
		{250EF336-819C-4C42-A4FA-DB8BF7418723}.Release|x86.ActiveCfg = Release|Win32
		{250EF336-819C-4C42-A4FA-DB8BF7418723}.Release|x86.Build.0 = Release|Win32
		{A2D2C3CB-76C8-4DB0-B5DF-3A2C974B30EC}.Debug|ARM.ActiveCfg = Debug|ARM
		{A2D2C3CB-76C8-4DB0-B5DF-3A2C974B30EC}.Debug|ARM.Build.0 = Debug|ARM
		{A2D2C3CB-76C8-4DB0-B5DF-3A2C974B30EC}.Debug|ARM.Deploy.0 = Debug|ARM
		{A2D2C3CB-76C8-4DB0-B5DF-3A2C974B30EC}.Debug|ARM64.ActiveCfg = Debug|ARM64
		{A2D2C3CB-76C8-4DB0-B5DF-3A2C974B30EC}.Debug|ARM64.Build.0 = Debug|ARM64
		{A2D2C3CB-76C8-4DB0-B5DF-3A2C974B30EC}.Debug|ARM64.Deploy.0 = Debug|ARM64
		{A2D2C3CB-76C8-4DB0-B5DF-3A2C974B30EC}.Debug|x64.ActiveCfg = Debug|x64
		{A2D2C3CB-76C8-4DB0-B5DF-3A2C974B30EC}.Debug|x64.Build.0 = Debug|x64
		{A2D2C3CB-76C8-4DB0-B5DF-3A2C974B30EC}.Debug|x64.Deploy.0 = Debug|x64
		{A2D2C3CB-76C8-4DB0-B5DF-3A2C974B30EC}.Debug|x86.ActiveCfg = Debug|Win32
		{A2D2C3CB-76C8-4DB0-B5DF-3A2C974B30EC}.Debug|x86.Build.0 = Debug|Win32
		{A2D2C3CB-76C8-4DB0-B5DF-3A2C974B30EC}.Debug|x86.Deploy.0 = Debug|Win32
		{A2D2C3CB-76C8-4DB0-B5DF-3A2C974B30EC}.Release|ARM.ActiveCfg = Release|ARM
		{A2D2C3CB-76C8-4DB0-B5DF-3A2C974B30EC}.Release|ARM.Build.0 = Release|ARM
		{A2D2C3CB-76C8-4DB0-B5DF-3A2C974B30EC}.Release|ARM.Deploy.0 = Release|ARM
		{A2D2C3CB-76C8-4DB0-B5DF-3A2C974B30EC}.Release|ARM64.ActiveCfg = Release|ARM64
		{A2D2C3CB-76C8-4DB0-B5DF-3A2C974B30EC}.Release|ARM64.Build.0 = Release|ARM64
		{A2D2C3CB-76C8-4DB0-B5DF-3A2C974B30EC}.Release|ARM64.Deploy.0 = Release|ARM64
		{A2D2C3CB-76C8-4DB0-B5DF-3A2C974B30EC}.Release|x64.ActiveCfg = Release|x64
		{A2D2C3CB-76C8-4DB0-B5DF-3A2C974B30EC}.Release|x64.Build.0 = Release|x64
		{A2D2C3CB-76C8-4DB0-B5DF-3A2C974B30EC}.Release|x64.Deploy.0 = Release|x64
		{A2D2C3CB-76C8-4DB0-B5DF-3A2C974B30EC}.Release|x86.ActiveCfg = Release|Win32
		{A2D2C3CB-76C8-4DB0-B5DF-3A2C974B30EC}.Release|x86.Build.0 = Release|Win32
		{A2D2C3CB-76C8-4DB0-B5DF-3A2C974B30EC}.Release|x86.Deploy.0 = Release|Win32
		{69D0DAA9-FE91-43ED-AC0B-277EFE5BF0D6}.Debug|ARM.ActiveCfg = Debug|ARM
		{69D0DAA9-FE91-43ED-AC0B-277EFE5BF0D6}.Debug|ARM.Build.0 = Debug|ARM
		{69D0DAA9-FE91-43ED-AC0B-277EFE5BF0D6}.Debug|ARM.Deploy.0 = Debug|ARM
		{69D0DAA9-FE91-43ED-AC0B-277EFE5BF0D6}.Debug|ARM64.ActiveCfg = Debug|ARM64
		{69D0DAA9-FE91-43ED-AC0B-277EFE5BF0D6}.Debug|ARM64.Build.0 = Debug|ARM64
		{69D0DAA9-FE91-43ED-AC0B-277EFE5BF0D6}.Debug|ARM64.Deploy.0 = Debug|ARM64
		{69D0DAA9-FE91-43ED-AC0B-277EFE5BF0D6}.Debug|x64.ActiveCfg = Debug|x64
		{69D0DAA9-FE91-43ED-AC0B-277EFE5BF0D6}.Debug|x64.Build.0 = Debug|x64
		{69D0DAA9-FE91-43ED-AC0B-277EFE5BF0D6}.Debug|x64.Deploy.0 = Debug|x64
		{69D0DAA9-FE91-43ED-AC0B-277EFE5BF0D6}.Debug|x86.ActiveCfg = Debug|Win32
		{69D0DAA9-FE91-43ED-AC0B-277EFE5BF0D6}.Debug|x86.Build.0 = Debug|Win32
		{69D0DAA9-FE91-43ED-AC0B-277EFE5BF0D6}.Debug|x86.Deploy.0 = Debug|Win32
		{69D0DAA9-FE91-43ED-AC0B-277EFE5BF0D6}.Release|ARM.ActiveCfg = Release|ARM
		{69D0DAA9-FE91-43ED-AC0B-277EFE5BF0D6}.Release|ARM.Build.0 = Release|ARM
		{69D0DAA9-FE91-43ED-AC0B-277EFE5BF0D6}.Release|ARM.Deploy.0 = Release|ARM
		{69D0DAA9-FE91-43ED-AC0B-277EFE5BF0D6}.Release|ARM64.ActiveCfg = Release|ARM64
		{69D0DAA9-FE91-43ED-AC0B-277EFE5BF0D6}.Release|ARM64.Build.0 = Release|ARM64
		{69D0DAA9-FE91-43ED-AC0B-277EFE5BF0D6}.Release|ARM64.Deploy.0 = Release|ARM64
		{69D0DAA9-FE91-43ED-AC0B-277EFE5BF0D6}.Release|x64.ActiveCfg = Release|x64
		{69D0DAA9-FE91-43ED-AC0B-277EFE5BF0D6}.Release|x64.Build.0 = Release|x64
		{69D0DAA9-FE91-43ED-AC0B-277EFE5BF0D6}.Release|x64.Deploy.0 = Release|x64
		{69D0DAA9-FE91-43ED-AC0B-277EFE5BF0D6}.Release|x86.ActiveCfg = Release|Win32
		{69D0DAA9-FE91-43ED-AC0B-277EFE5BF0D6}.Release|x86.Build.0 = Release|Win32
		{69D0DAA9-FE91-43ED-AC0B-277EFE5BF0D6}.Release|x86.Deploy.0 = Release|Win32
		{F3FC1923-0184-4860-8661-F30D836AFB6A}.Debug|ARM.ActiveCfg = Debug|ARM
		{F3FC1923-0184-4860-8661-F30D836AFB6A}.Debug|ARM.Build.0 = Debug|ARM
		{F3FC1923-0184-4860-8661-F30D836AFB6A}.Debug|ARM.Deploy.0 = Debug|ARM
		{F3FC1923-0184-4860-8661-F30D836AFB6A}.Debug|ARM64.ActiveCfg = Debug|ARM64
		{F3FC1923-0184-4860-8661-F30D836AFB6A}.Debug|ARM64.Build.0 = Debug|ARM64
		{F3FC1923-0184-4860-8661-F30D836AFB6A}.Debug|ARM64.Deploy.0 = Debug|ARM64
		{F3FC1923-0184-4860-8661-F30D836AFB6A}.Debug|x64.ActiveCfg = Debug|x64
		{F3FC1923-0184-4860-8661-F30D836AFB6A}.Debug|x64.Build.0 = Debug|x64
		{F3FC1923-0184-4860-8661-F30D836AFB6A}.Debug|x64.Deploy.0 = Debug|x64
		{F3FC1923-0184-4860-8661-F30D836AFB6A}.Debug|x86.ActiveCfg = Debug|Win32
		{F3FC1923-0184-4860-8661-F30D836AFB6A}.Debug|x86.Build.0 = Debug|Win32
		{F3FC1923-0184-4860-8661-F30D836AFB6A}.Debug|x86.Deploy.0 = Debug|Win32
		{F3FC1923-0184-4860-8661-F30D836AFB6A}.Release|ARM.ActiveCfg = Release|ARM
		{F3FC1923-0184-4860-8661-F30D836AFB6A}.Release|ARM.Build.0 = Release|ARM
		{F3FC1923-0184-4860-8661-F30D836AFB6A}.Release|ARM.Deploy.0 = Release|ARM
		{F3FC1923-0184-4860-8661-F30D836AFB6A}.Release|ARM64.ActiveCfg = Release|ARM64
		{F3FC1923-0184-4860-8661-F30D836AFB6A}.Release|ARM64.Build.0 = Release|ARM64
		{F3FC1923-0184-4860-8661-F30D836AFB6A}.Release|ARM64.Deploy.0 = Release|ARM64
		{F3FC1923-0184-4860-8661-F30D836AFB6A}.Release|x64.ActiveCfg = Release|x64
		{F3FC1923-0184-4860-8661-F30D836AFB6A}.Release|x64.Build.0 = Release|x64
		{F3FC1923-0184-4860-8661-F30D836AFB6A}.Release|x64.Deploy.0 = Release|x64
		{F3FC1923-0184-4860-8661-F30D836AFB6A}.Release|x86.ActiveCfg = Release|Win32
		{F3FC1923-0184-4860-8661-F30D836AFB6A}.Release|x86.Build.0 = Release|Win32
		{F3FC1923-0184-4860-8661-F30D836AFB6A}.Release|x86.Deploy.0 = Release|Win32
		{D23ADD32-A1AF-4E39-982A-B01FF80E073E}.Debug|ARM.ActiveCfg = Debug|Win32
		{D23ADD32-A1AF-4E39-982A-B01FF80E073E}.Debug|ARM64.ActiveCfg = Debug|Win32
		{D23ADD32-A1AF-4E39-982A-B01FF80E073E}.Debug|x64.ActiveCfg = Debug|x64
		{D23ADD32-A1AF-4E39-982A-B01FF80E073E}.Debug|x64.Build.0 = Debug|x64
		{D23ADD32-A1AF-4E39-982A-B01FF80E073E}.Debug|x86.ActiveCfg = Debug|Win32
		{D23ADD32-A1AF-4E39-982A-B01FF80E073E}.Debug|x86.Build.0 = Debug|Win32
		{D23ADD32-A1AF-4E39-982A-B01FF80E073E}.Release|ARM.ActiveCfg = Release|Win32
		{D23ADD32-A1AF-4E39-982A-B01FF80E073E}.Release|ARM64.ActiveCfg = Release|Win32
		{D23ADD32-A1AF-4E39-982A-B01FF80E073E}.Release|x64.ActiveCfg = Release|x64
		{D23ADD32-A1AF-4E39-982A-B01FF80E073E}.Release|x64.Build.0 = Release|x64
		{D23ADD32-A1AF-4E39-982A-B01FF80E073E}.Release|x86.ActiveCfg = Release|Win32
		{D23ADD32-A1AF-4E39-982A-B01FF80E073E}.Release|x86.Build.0 = Release|Win32
		{5FEC41C7-1D69-4E31-8384-9D737B886258}.Debug|ARM.ActiveCfg = Debug|ARM
		{5FEC41C7-1D69-4E31-8384-9D737B886258}.Debug|ARM.Build.0 = Debug|ARM
		{5FEC41C7-1D69-4E31-8384-9D737B886258}.Debug|ARM.Deploy.0 = Debug|ARM
		{5FEC41C7-1D69-4E31-8384-9D737B886258}.Debug|ARM64.ActiveCfg = Debug|ARM64
		{5FEC41C7-1D69-4E31-8384-9D737B886258}.Debug|ARM64.Build.0 = Debug|ARM64
		{5FEC41C7-1D69-4E31-8384-9D737B886258}.Debug|ARM64.Deploy.0 = Debug|ARM64
		{5FEC41C7-1D69-4E31-8384-9D737B886258}.Debug|x64.ActiveCfg = Debug|x64
		{5FEC41C7-1D69-4E31-8384-9D737B886258}.Debug|x64.Build.0 = Debug|x64
		{5FEC41C7-1D69-4E31-8384-9D737B886258}.Debug|x64.Deploy.0 = Debug|x64
		{5FEC41C7-1D69-4E31-8384-9D737B886258}.Debug|x86.ActiveCfg = Debug|Win32
		{5FEC41C7-1D69-4E31-8384-9D737B886258}.Debug|x86.Build.0 = Debug|Win32
		{5FEC41C7-1D69-4E31-8384-9D737B886258}.Debug|x86.Deploy.0 = Debug|Win32
		{5FEC41C7-1D69-4E31-8384-9D737B886258}.Release|ARM.ActiveCfg = Release|ARM
		{5FEC41C7-1D69-4E31-8384-9D737B886258}.Release|ARM.Build.0 = Release|ARM
		{5FEC41C7-1D69-4E31-8384-9D737B886258}.Release|ARM.Deploy.0 = Release|ARM
		{5FEC41C7-1D69-4E31-8384-9D737B886258}.Release|ARM64.ActiveCfg = Release|ARM64
		{5FEC41C7-1D69-4E31-8384-9D737B886258}.Release|ARM64.Build.0 = Release|ARM64
		{5FEC41C7-1D69-4E31-8384-9D737B886258}.Release|ARM64.Deploy.0 = Release|ARM64
		{5FEC41C7-1D69-4E31-8384-9D737B886258}.Release|x64.ActiveCfg = Release|x64
		{5FEC41C7-1D69-4E31-8384-9D737B886258}.Release|x64.Build.0 = Release|x64
		{5FEC41C7-1D69-4E31-8384-9D737B886258}.Release|x64.Deploy.0 = Release|x64
		{5FEC41C7-1D69-4E31-8384-9D737B886258}.Release|x86.ActiveCfg = Release|Win32
		{5FEC41C7-1D69-4E31-8384-9D737B886258}.Release|x86.Build.0 = Release|Win32
		{5FEC41C7-1D69-4E31-8384-9D737B886258}.Release|x86.Deploy.0 = Release|Win32
		{5A9184F9-ADEA-40E6-8CC1-F1BE18947323}.Debug|ARM.ActiveCfg = Debug|ARM
		{5A9184F9-ADEA-40E6-8CC1-F1BE18947323}.Debug|ARM.Build.0 = Debug|ARM
		{5A9184F9-ADEA-40E6-8CC1-F1BE18947323}.Debug|ARM.Deploy.0 = Debug|ARM
		{5A9184F9-ADEA-40E6-8CC1-F1BE18947323}.Debug|ARM64.ActiveCfg = Debug|ARM64
		{5A9184F9-ADEA-40E6-8CC1-F1BE18947323}.Debug|ARM64.Build.0 = Debug|ARM64
		{5A9184F9-ADEA-40E6-8CC1-F1BE18947323}.Debug|ARM64.Deploy.0 = Debug|ARM64
		{5A9184F9-ADEA-40E6-8CC1-F1BE18947323}.Debug|x64.ActiveCfg = Debug|x64
		{5A9184F9-ADEA-40E6-8CC1-F1BE18947323}.Debug|x64.Build.0 = Debug|x64
		{5A9184F9-ADEA-40E6-8CC1-F1BE18947323}.Debug|x64.Deploy.0 = Debug|x64
		{5A9184F9-ADEA-40E6-8CC1-F1BE18947323}.Debug|x86.ActiveCfg = Debug|Win32
		{5A9184F9-ADEA-40E6-8CC1-F1BE18947323}.Debug|x86.Build.0 = Debug|Win32
		{5A9184F9-ADEA-40E6-8CC1-F1BE18947323}.Debug|x86.Deploy.0 = Debug|Win32
		{5A9184F9-ADEA-40E6-8CC1-F1BE18947323}.Release|ARM.ActiveCfg = Release|ARM
		{5A9184F9-ADEA-40E6-8CC1-F1BE18947323}.Release|ARM.Build.0 = Release|ARM
		{5A9184F9-ADEA-40E6-8CC1-F1BE18947323}.Release|ARM.Deploy.0 = Release|ARM
		{5A9184F9-ADEA-40E6-8CC1-F1BE18947323}.Release|ARM64.ActiveCfg = Release|ARM64
		{5A9184F9-ADEA-40E6-8CC1-F1BE18947323}.Release|ARM64.Build.0 = Release|ARM64
		{5A9184F9-ADEA-40E6-8CC1-F1BE18947323}.Release|ARM64.Deploy.0 = Release|ARM64
		{5A9184F9-ADEA-40E6-8CC1-F1BE18947323}.Release|x64.ActiveCfg = Release|x64
		{5A9184F9-ADEA-40E6-8CC1-F1BE18947323}.Release|x64.Build.0 = Release|x64
		{5A9184F9-ADEA-40E6-8CC1-F1BE18947323}.Release|x64.Deploy.0 = Release|x64
		{5A9184F9-ADEA-40E6-8CC1-F1BE18947323}.Release|x86.ActiveCfg = Release|Win32
		{5A9184F9-ADEA-40E6-8CC1-F1BE18947323}.Release|x86.Build.0 = Release|Win32
		{5A9184F9-ADEA-40E6-8CC1-F1BE18947323}.Release|x86.Deploy.0 = Release|Win32
	EndGlobalSection
	GlobalSection(SolutionProperties) = preSolution
		HideSolutionNode = FALSE
	EndGlobalSection
	GlobalSection(NestedProjects) = preSolution
		{F3FC1923-0184-4860-8661-F30D836AFB6A} = {70931E61-E24B-498A-BC98-ACAE4240ECFF}
		{D23ADD32-A1AF-4E39-982A-B01FF80E073E} = {70931E61-E24B-498A-BC98-ACAE4240ECFF}
		{5FEC41C7-1D69-4E31-8384-9D737B886258} = {C274667B-B3FD-497D-BA58-717AC1CE84FE}
		{5A9184F9-ADEA-40E6-8CC1-F1BE18947323} = {C274667B-B3FD-497D-BA58-717AC1CE84FE}
	EndGlobalSection
	GlobalSection(ExtensibilityGlobals) = postSolution
		SolutionGuid = {592290EE-A514-4022-8491-4F8A5416E83B}
	EndGlobalSection
EndGlobal
